
Microsoft Visual Studio Solution File, Format Version 12.00
# Visual Studio Version 17
VisualStudioVersion = 17.1.32319.34
MinimumVisualStudioVersion = 10.0.40219.1
Project("{9A19103F-16F7-4668-BE54-9A1E7A4F7556}") = "Presentación", "crud\Presentación.csproj", "{48D5C1CA-86C5-4B99-BF4E-86167FFBBD7B}"
EndProject
Project("{9A19103F-16F7-4668-BE54-9A1E7A4F7556}") = "Lógica de Negocio", "Lógica de Negocio\Lógica de Negocio.csproj", "{D5873555-5053-4211-868F-F0DE481A5FA6}"
EndProject
Project("{9A19103F-16F7-4668-BE54-9A1E7A4F7556}") = "Acceso a Datos", "Acceso a Datos\Acceso a Datos.csproj", "{FD63A78E-2A5D-464B-8E99-5ECA92B94054}"
EndProject
Project("{FAE04EC0-301F-11D3-BF4B-00C04F79EFBC}") = "Entidades", "Entidades\Entidades.csproj", "{3CF024A2-54E8-4AA8-BE2A-AD5154AB26D1}"
EndProject
Global
	GlobalSection(SolutionConfigurationPlatforms) = preSolution
		Debug|Any CPU = Debug|Any CPU
		Release|Any CPU = Release|Any CPU
	EndGlobalSection
	GlobalSection(ProjectConfigurationPlatforms) = postSolution
		{48D5C1CA-86C5-4B99-BF4E-86167FFBBD7B}.Debug|Any CPU.ActiveCfg = Debug|Any CPU
		{48D5C1CA-86C5-4B99-BF4E-86167FFBBD7B}.Debug|Any CPU.Build.0 = Debug|Any CPU
		{48D5C1CA-86C5-4B99-BF4E-86167FFBBD7B}.Release|Any CPU.ActiveCfg = Release|Any CPU
		{48D5C1CA-86C5-4B99-BF4E-86167FFBBD7B}.Release|Any CPU.Build.0 = Release|Any CPU
		{D5873555-5053-4211-868F-F0DE481A5FA6}.Debug|Any CPU.ActiveCfg = Debug|Any CPU
		{D5873555-5053-4211-868F-F0DE481A5FA6}.Debug|Any CPU.Build.0 = Debug|Any CPU
		{D5873555-5053-4211-868F-F0DE481A5FA6}.Release|Any CPU.ActiveCfg = Release|Any CPU
		{D5873555-5053-4211-868F-F0DE481A5FA6}.Release|Any CPU.Build.0 = Release|Any CPU
		{FD63A78E-2A5D-464B-8E99-5ECA92B94054}.Debug|Any CPU.ActiveCfg = Debug|Any CPU
		{FD63A78E-2A5D-464B-8E99-5ECA92B94054}.Debug|Any CPU.Build.0 = Debug|Any CPU
		{FD63A78E-2A5D-464B-8E99-5ECA92B94054}.Release|Any CPU.ActiveCfg = Release|Any CPU
		{FD63A78E-2A5D-464B-8E99-5ECA92B94054}.Release|Any CPU.Build.0 = Release|Any CPU
		{3CF024A2-54E8-4AA8-BE2A-AD5154AB26D1}.Debug|Any CPU.ActiveCfg = Debug|Any CPU
		{3CF024A2-54E8-4AA8-BE2A-AD5154AB26D1}.Debug|Any CPU.Build.0 = Debug|Any CPU
		{3CF024A2-54E8-4AA8-BE2A-AD5154AB26D1}.Release|Any CPU.ActiveCfg = Release|Any CPU
		{3CF024A2-54E8-4AA8-BE2A-AD5154AB26D1}.Release|Any CPU.Build.0 = Release|Any CPU
	EndGlobalSection
	GlobalSection(SolutionProperties) = preSolution
		HideSolutionNode = FALSE
	EndGlobalSection
	GlobalSection(ExtensibilityGlobals) = postSolution
		SolutionGuid = {E89D43B9-D70A-4F6E-AC64-CF04CE019752}
	EndGlobalSection
EndGlobal
